// !$*UTF8*$!
{
	archiveVersion = 1;
	classes = {
	};
	objectVersion = 56;
	objects = {

/* Begin PBXBuildFile section */
		BA29389F2C87375B008312D4 /* AppDelegate.swift in Sources */ = {isa = PBXBuildFile; fileRef = BA29389E2C87375B008312D4 /* AppDelegate.swift */; };
		BA2938A12C87375B008312D4 /* SceneDelegate.swift in Sources */ = {isa = PBXBuildFile; fileRef = BA2938A02C87375B008312D4 /* SceneDelegate.swift */; };
		BA2938A32C87375B008312D4 /* FAQViewController.swift in Sources */ = {isa = PBXBuildFile; fileRef = BA2938A22C87375B008312D4 /* FAQViewController.swift */; };
		BA2938A62C87375B008312D4 /* Main.storyboard in Resources */ = {isa = PBXBuildFile; fileRef = BA2938A42C87375B008312D4 /* Main.storyboard */; };
		BA2938A82C873761008312D4 /* Assets.xcassets in Resources */ = {isa = PBXBuildFile; fileRef = BA2938A72C873761008312D4 /* Assets.xcassets */; };
		BA2938AB2C873761008312D4 /* LaunchScreen.storyboard in Resources */ = {isa = PBXBuildFile; fileRef = BA2938A92C873761008312D4 /* LaunchScreen.storyboard */; };
		BA2938B82C873CF7008312D4 /* FAQTableViewCell.swift in Sources */ = {isa = PBXBuildFile; fileRef = BA2938B62C873CF7008312D4 /* FAQTableViewCell.swift */; };
		BA2938B92C873CF7008312D4 /* FAQTableViewCell.xib in Resources */ = {isa = PBXBuildFile; fileRef = BA2938B72C873CF7008312D4 /* FAQTableViewCell.xib */; };
		BA2938BB2C881763008312D4 /* FAQItem.swift in Sources */ = {isa = PBXBuildFile; fileRef = BA2938BA2C881763008312D4 /* FAQItem.swift */; };
/* End PBXBuildFile section */

/* Begin PBXFileReference section */
		BA29389B2C87375B008312D4 /* FAQSectionWithToggle.app */ = {isa = PBXFileReference; explicitFileType = wrapper.application; includeInIndex = 0; path = FAQSectionWithToggle.app; sourceTree = BUILT_PRODUCTS_DIR; };
		BA29389E2C87375B008312D4 /* AppDelegate.swift */ = {isa = PBXFileReference; lastKnownFileType = sourcecode.swift; path = AppDelegate.swift; sourceTree = "<group>"; };
		BA2938A02C87375B008312D4 /* SceneDelegate.swift */ = {isa = PBXFileReference; lastKnownFileType = sourcecode.swift; path = SceneDelegate.swift; sourceTree = "<group>"; };
		BA2938A22C87375B008312D4 /* FAQViewController.swift */ = {isa = PBXFileReference; lastKnownFileType = sourcecode.swift; path = FAQViewController.swift; sourceTree = "<group>"; };
		BA2938A52C87375B008312D4 /* Base */ = {isa = PBXFileReference; lastKnownFileType = file.storyboard; name = Base; path = Base.lproj/Main.storyboard; sourceTree = "<group>"; };
		BA2938A72C873761008312D4 /* Assets.xcassets */ = {isa = PBXFileReference; lastKnownFileType = folder.assetcatalog; path = Assets.xcassets; sourceTree = "<group>"; };
		BA2938AA2C873761008312D4 /* Base */ = {isa = PBXFileReference; lastKnownFileType = file.storyboard; name = Base; path = Base.lproj/LaunchScreen.storyboard; sourceTree = "<group>"; };
		BA2938AC2C873761008312D4 /* Info.plist */ = {isa = PBXFileReference; lastKnownFileType = text.plist.xml; path = Info.plist; sourceTree = "<group>"; };
		BA2938B62C873CF7008312D4 /* FAQTableViewCell.swift */ = {isa = PBXFileReference; lastKnownFileType = sourcecode.swift; path = FAQTableViewCell.swift; sourceTree = "<group>"; };
		BA2938B72C873CF7008312D4 /* FAQTableViewCell.xib */ = {isa = PBXFileReference; lastKnownFileType = file.xib; path = FAQTableViewCell.xib; sourceTree = "<group>"; };
		BA2938BA2C881763008312D4 /* FAQItem.swift */ = {isa = PBXFileReference; lastKnownFileType = sourcecode.swift; path = FAQItem.swift; sourceTree = "<group>"; };
/* End PBXFileReference section */

/* Begin PBXFrameworksBuildPhase section */
		BA2938982C87375B008312D4 /* Frameworks */ = {
			isa = PBXFrameworksBuildPhase;
			buildActionMask = 2147483647;
			files = (
			);
			runOnlyForDeploymentPostprocessing = 0;
		};
/* End PBXFrameworksBuildPhase section */

/* Begin PBXGroup section */
		BA2938922C87375B008312D4 = {
			isa = PBXGroup;
			children = (
				BA29389D2C87375B008312D4 /* FAQSectionWithToggle */,
				BA29389C2C87375B008312D4 /* Products */,
			);
			sourceTree = "<group>";
		};
		BA29389C2C87375B008312D4 /* Products */ = {
			isa = PBXGroup;
			children = (
				BA29389B2C87375B008312D4 /* FAQSectionWithToggle.app */,
			);
			name = Products;
			sourceTree = "<group>";
		};
		BA29389D2C87375B008312D4 /* FAQSectionWithToggle */ = {
			isa = PBXGroup;
			children = (
				BA2938B52C8738CE008312D4 /* Resources */,
				BA2938B22C8738A6008312D4 /* Model */,
				BA2938B32C8738AD008312D4 /* View */,
				BA2938B42C8738B3008312D4 /* Controller */,
				BA2938A92C873761008312D4 /* LaunchScreen.storyboard */,
				BA2938AC2C873761008312D4 /* Info.plist */,
			);
			path = FAQSectionWithToggle;
			sourceTree = "<group>";
		};
		BA2938B22C8738A6008312D4 /* Model */ = {
			isa = PBXGroup;
			children = (
				BA2938BA2C881763008312D4 /* FAQItem.swift */,
			);
			path = Model;
			sourceTree = "<group>";
		};
		BA2938B32C8738AD008312D4 /* View */ = {
			isa = PBXGroup;
			children = (
				BA2938B62C873CF7008312D4 /* FAQTableViewCell.swift */,
				BA2938B72C873CF7008312D4 /* FAQTableViewCell.xib */,
			);
			path = View;
			sourceTree = "<group>";
		};
		BA2938B42C8738B3008312D4 /* Controller */ = {
			isa = PBXGroup;
			children = (
				BA2938A42C87375B008312D4 /* Main.storyboard */,
				BA2938A22C87375B008312D4 /* FAQViewController.swift */,
			);
			path = Controller;
			sourceTree = "<group>";
		};
		BA2938B52C8738CE008312D4 /* Resources */ = {
			isa = PBXGroup;
			children = (
				BA2938A72C873761008312D4 /* Assets.xcassets */,
				BA2938A02C87375B008312D4 /* SceneDelegate.swift */,
				BA29389E2C87375B008312D4 /* AppDelegate.swift */,
			);
			path = Resources;
			sourceTree = "<group>";
		};
/* End PBXGroup section */

/* Begin PBXNativeTarget section */
		BA29389A2C87375B008312D4 /* FAQSectionWithToggle */ = {
			isa = PBXNativeTarget;
			buildConfigurationList = BA2938AF2C873761008312D4 /* Build configuration list for PBXNativeTarget "FAQSectionWithToggle" */;
			buildPhases = (
				BA2938972C87375B008312D4 /* Sources */,
				BA2938982C87375B008312D4 /* Frameworks */,
				BA2938992C87375B008312D4 /* Resources */,
			);
			buildRules = (
			);
			dependencies = (
			);
			name = FAQSectionWithToggle;
			productName = FAQSectionWithToggle;
			productReference = BA29389B2C87375B008312D4 /* FAQSectionWithToggle.app */;
			productType = "com.apple.product-type.application";
		};
/* End PBXNativeTarget section */

/* Begin PBXProject section */
		BA2938932C87375B008312D4 /* Project object */ = {
			isa = PBXProject;
			attributes = {
				BuildIndependentTargetsInParallel = 1;
				LastSwiftUpdateCheck = 1520;
				LastUpgradeCheck = 1520;
				TargetAttributes = {
					BA29389A2C87375B008312D4 = {
						CreatedOnToolsVersion = 15.2;
					};
				};
			};
			buildConfigurationList = BA2938962C87375B008312D4 /* Build configuration list for PBXProject "FAQSectionWithToggle" */;
			compatibilityVersion = "Xcode 14.0";
			developmentRegion = en;
			hasScannedForEncodings = 0;
			knownRegions = (
				en,
				Base,
			);
			mainGroup = BA2938922C87375B008312D4;
			productRefGroup = BA29389C2C87375B008312D4 /* Products */;
			projectDirPath = "";
			projectRoot = "";
			targets = (
				BA29389A2C87375B008312D4 /* FAQSectionWithToggle */,
			);
		};
/* End PBXProject section */

/* Begin PBXResourcesBuildPhase section */
		BA2938992C87375B008312D4 /* Resources */ = {
			isa = PBXResourcesBuildPhase;
			buildActionMask = 2147483647;
			files = (
				BA2938B92C873CF7008312D4 /* FAQTableViewCell.xib in Resources */,
				BA2938AB2C873761008312D4 /* LaunchScreen.storyboard in Resources */,
				BA2938A82C873761008312D4 /* Assets.xcassets in Resources */,
				BA2938A62C87375B008312D4 /* Main.storyboard in Resources */,
			);
			runOnlyForDeploymentPostprocessing = 0;
		};
/* End PBXResourcesBuildPhase section */

/* Begin PBXSourcesBuildPhase section */
		BA2938972C87375B008312D4 /* Sources */ = {
			isa = PBXSourcesBuildPhase;
			buildActionMask = 2147483647;
			files = (
				BA2938BB2C881763008312D4 /* FAQItem.swift in Sources */,
				BA2938B82C873CF7008312D4 /* FAQTableViewCell.swift in Sources */,
				BA2938A32C87375B008312D4 /* FAQViewController.swift in Sources */,
				BA29389F2C87375B008312D4 /* AppDelegate.swift in Sources */,
				BA2938A12C87375B008312D4 /* SceneDelegate.swift in Sources */,
			);
			runOnlyForDeploymentPostprocessing = 0;
		};
/* End PBXSourcesBuildPhase section */

/* Begin PBXVariantGroup section */
		BA2938A42C87375B008312D4 /* Main.storyboard */ = {
			isa = PBXVariantGroup;
			children = (
				BA2938A52C87375B008312D4 /* Base */,
			);
			name = Main.storyboard;
			sourceTree = "<group>";
		};
		BA2938A92C873761008312D4 /* LaunchScreen.storyboard */ = {
			isa = PBXVariantGroup;
			children = (
				BA2938AA2C873761008312D4 /* Base */,
			);
			name = LaunchScreen.storyboard;
			sourceTree = "<group>";
		};
/* End PBXVariantGroup section */

/* Begin XCBuildConfiguration section */
		BA2938AD2C873761008312D4 /* Debug */ = {
			isa = XCBuildConfiguration;
			buildSettings = {
				ALWAYS_SEARCH_USER_PATHS = NO;
				ASSETCATALOG_COMPILER_GENERATE_SWIFT_ASSET_SYMBOL_EXTENSIONS = YES;
				CLANG_ANALYZER_NONNULL = YES;
				CLANG_ANALYZER_NUMBER_OBJECT_CONVERSION = YES_AGGRESSIVE;
				CLANG_CXX_LANGUAGE_STANDARD = "gnu++20";
				CLANG_ENABLE_MODULES = YES;
				CLANG_ENABLE_OBJC_ARC = YES;
				CLANG_ENABLE_OBJC_WEAK = YES;
				CLANG_WARN_BLOCK_CAPTURE_AUTORELEASING = YES;
				CLANG_WARN_BOOL_CONVERSION = YES;
				CLANG_WARN_COMMA = YES;
				CLANG_WARN_CONSTANT_CONVERSION = YES;
				CLANG_WARN_DEPRECATED_OBJC_IMPLEMENTATIONS = YES;
				CLANG_WARN_DIRECT_OBJC_ISA_USAGE = YES_ERROR;
				CLANG_WARN_DOCUMENTATION_COMMENTS = YES;
				CLANG_WARN_EMPTY_BODY = YES;
				CLANG_WARN_ENUM_CONVERSION = YES;
				CLANG_WARN_INFINITE_RECURSION = YES;
				CLANG_WARN_INT_CONVERSION = YES;
				CLANG_WARN_NON_LITERAL_NULL_CONVERSION = YES;
				CLANG_WARN_OBJC_IMPLICIT_RETAIN_SELF = YES;
				CLANG_WARN_OBJC_LITERAL_CONVERSION = YES;
				CLANG_WARN_OBJC_ROOT_CLASS = YES_ERROR;
				CLANG_WARN_QUOTED_INCLUDE_IN_FRAMEWORK_HEADER = YES;
				CLANG_WARN_RANGE_LOOP_ANALYSIS = YES;
				CLANG_WARN_STRICT_PROTOTYPES = YES;
				CLANG_WARN_SUSPICIOUS_MOVE = YES;
				CLANG_WARN_UNGUARDED_AVAILABILITY = YES_AGGRESSIVE;
				CLANG_WARN_UNREACHABLE_CODE = YES;
				CLANG_WARN__DUPLICATE_METHOD_MATCH = YES;
				COPY_PHASE_STRIP = NO;
				DEBUG_INFORMATION_FORMAT = dwarf;
				ENABLE_STRICT_OBJC_MSGSEND = YES;
				ENABLE_TESTABILITY = YES;
				ENABLE_USER_SCRIPT_SANDBOXING = YES;
				GCC_C_LANGUAGE_STANDARD = gnu17;
				GCC_DYNAMIC_NO_PIC = NO;
				GCC_NO_COMMON_BLOCKS = YES;
				GCC_OPTIMIZATION_LEVEL = 0;
				GCC_PREPROCESSOR_DEFINITIONS = (
					"DEBUG=1",
					"$(inherited)",
				);
				GCC_WARN_64_TO_32_BIT_CONVERSION = YES;
				GCC_WARN_ABOUT_RETURN_TYPE = YES_ERROR;
				GCC_WARN_UNDECLARED_SELECTOR = YES;
				GCC_WARN_UNINITIALIZED_AUTOS = YES_AGGRESSIVE;
				GCC_WARN_UNUSED_FUNCTION = YES;
				GCC_WARN_UNUSED_VARIABLE = YES;
				IPHONEOS_DEPLOYMENT_TARGET = 17.2;
				LOCALIZATION_PREFERS_STRING_CATALOGS = YES;
				MTL_ENABLE_DEBUG_INFO = INCLUDE_SOURCE;
				MTL_FAST_MATH = YES;
				ONLY_ACTIVE_ARCH = YES;
				SDKROOT = iphoneos;
				SWIFT_ACTIVE_COMPILATION_CONDITIONS = "DEBUG $(inherited)";
				SWIFT_OPTIMIZATION_LEVEL = "-Onone";
			};
			name = Debug;
		};
		BA2938AE2C873761008312D4 /* Release */ = {
			isa = XCBuildConfiguration;
			buildSettings = {
				ALWAYS_SEARCH_USER_PATHS = NO;
				ASSETCATALOG_COMPILER_GENERATE_SWIFT_ASSET_SYMBOL_EXTENSIONS = YES;
				CLANG_ANALYZER_NONNULL = YES;
				CLANG_ANALYZER_NUMBER_OBJECT_CONVERSION = YES_AGGRESSIVE;
				CLANG_CXX_LANGUAGE_STANDARD = "gnu++20";
				CLANG_ENABLE_MODULES = YES;
				CLANG_ENABLE_OBJC_ARC = YES;
				CLANG_ENABLE_OBJC_WEAK = YES;
				CLANG_WARN_BLOCK_CAPTURE_AUTORELEASING = YES;
				CLANG_WARN_BOOL_CONVERSION = YES;
				CLANG_WARN_COMMA = YES;
				CLANG_WARN_CONSTANT_CONVERSION = YES;
				CLANG_WARN_DEPRECATED_OBJC_IMPLEMENTATIONS = YES;
				CLANG_WARN_DIRECT_OBJC_ISA_USAGE = YES_ERROR;
				CLANG_WARN_DOCUMENTATION_COMMENTS = YES;
				CLANG_WARN_EMPTY_BODY = YES;
				CLANG_WARN_ENUM_CONVERSION = YES;
				CLANG_WARN_INFINITE_RECURSION = YES;
				CLANG_WARN_INT_CONVERSION = YES;
				CLANG_WARN_NON_LITERAL_NULL_CONVERSION = YES;
				CLANG_WARN_OBJC_IMPLICIT_RETAIN_SELF = YES;
				CLANG_WARN_OBJC_LITERAL_CONVERSION = YES;
				CLANG_WARN_OBJC_ROOT_CLASS = YES_ERROR;
				CLANG_WARN_QUOTED_INCLUDE_IN_FRAMEWORK_HEADER = YES;
				CLANG_WARN_RANGE_LOOP_ANALYSIS = YES;
				CLANG_WARN_STRICT_PROTOTYPES = YES;
				CLANG_WARN_SUSPICIOUS_MOVE = YES;
				CLANG_WARN_UNGUARDED_AVAILABILITY = YES_AGGRESSIVE;
				CLANG_WARN_UNREACHABLE_CODE = YES;
				CLANG_WARN__DUPLICATE_METHOD_MATCH = YES;
				COPY_PHASE_STRIP = NO;
				DEBUG_INFORMATION_FORMAT = "dwarf-with-dsym";
				ENABLE_NS_ASSERTIONS = NO;
				ENABLE_STRICT_OBJC_MSGSEND = YES;
				ENABLE_USER_SCRIPT_SANDBOXING = YES;
				GCC_C_LANGUAGE_STANDARD = gnu17;
				GCC_NO_COMMON_BLOCKS = YES;
				GCC_WARN_64_TO_32_BIT_CONVERSION = YES;
				GCC_WARN_ABOUT_RETURN_TYPE = YES_ERROR;
				GCC_WARN_UNDECLARED_SELECTOR = YES;
				GCC_WARN_UNINITIALIZED_AUTOS = YES_AGGRESSIVE;
				GCC_WARN_UNUSED_FUNCTION = YES;
				GCC_WARN_UNUSED_VARIABLE = YES;
				IPHONEOS_DEPLOYMENT_TARGET = 17.2;
				LOCALIZATION_PREFERS_STRING_CATALOGS = YES;
				MTL_ENABLE_DEBUG_INFO = NO;
				MTL_FAST_MATH = YES;
				SDKROOT = iphoneos;
				SWIFT_COMPILATION_MODE = wholemodule;
				VALIDATE_PRODUCT = YES;
			};
			name = Release;
		};
		BA2938B02C873761008312D4 /* Debug */ = {
			isa = XCBuildConfiguration;
			buildSettings = {
				ASSETCATALOG_COMPILER_APPICON_NAME = AppIcon;
				ASSETCATALOG_COMPILER_GLOBAL_ACCENT_COLOR_NAME = AccentColor;
				CODE_SIGN_STYLE = Automatic;
				CURRENT_PROJECT_VERSION = 1;
				DEVELOPMENT_TEAM = YBC6QZE5G7;
				GENERATE_INFOPLIST_FILE = YES;
				INFOPLIST_FILE = FAQSectionWithToggle/Info.plist;
				INFOPLIST_KEY_UIApplicationSupportsIndirectInputEvents = YES;
				INFOPLIST_KEY_UILaunchStoryboardName = LaunchScreen;
				INFOPLIST_KEY_UIMainStoryboardFile = Main;
				INFOPLIST_KEY_UISupportedInterfaceOrientations_iPad = "UIInterfaceOrientationPortrait UIInterfaceOrientationPortraitUpsideDown UIInterfaceOrientationLandscapeLeft UIInterfaceOrientationLandscapeRight";
				INFOPLIST_KEY_UISupportedInterfaceOrientations_iPhone = "UIInterfaceOrientationPortrait UIInterfaceOrientationLandscapeLeft UIInterfaceOrientationLandscapeRight";
				LD_RUNPATH_SEARCH_PATHS = (
					"$(inherited)",
					"@executable_path/Frameworks",
				);
				MARKETING_VERSION = 1.0;
				PRODUCT_BUNDLE_IDENTIFIER = com.SSLPinningImp.FAQSectionWithToggle;
				PRODUCT_NAME = "$(TARGET_NAME)";
				SWIFT_EMIT_LOC_STRINGS = YES;
				SWIFT_VERSION = 5.0;
				TARGETED_DEVICE_FAMILY = "1,2";
			};
			name = Debug;
		};
		BA2938B12C873761008312D4 /* Release */ = {
			isa = XCBuildConfiguration;
			buildSettings = {
				ASSETCATALOG_COMPILER_APPICON_NAME = AppIcon;
				ASSETCATALOG_COMPILER_GLOBAL_ACCENT_COLOR_NAME = AccentColor;
				CODE_SIGN_STYLE = Automatic;
				CURRENT_PROJECT_VERSION = 1;
				DEVELOPMENT_TEAM = YBC6QZE5G7;
				GENERATE_INFOPLIST_FILE = YES;
				INFOPLIST_FILE = FAQSectionWithToggle/Info.plist;
				INFOPLIST_KEY_UIApplicationSupportsIndirectInputEvents = YES;
				INFOPLIST_KEY_UILaunchStoryboardName = LaunchScreen;
				INFOPLIST_KEY_UIMainStoryboardFile = Main;
				INFOPLIST_KEY_UISupportedInterfaceOrientations_iPad = "UIInterfaceOrientationPortrait UIInterfaceOrientationPortraitUpsideDown UIInterfaceOrientationLandscapeLeft UIInterfaceOrientationLandscapeRight";
				INFOPLIST_KEY_UISupportedInterfaceOrientations_iPhone = "UIInterfaceOrientationPortrait UIInterfaceOrientationLandscapeLeft UIInterfaceOrientationLandscapeRight";
				LD_RUNPATH_SEARCH_PATHS = (
					"$(inherited)",
					"@executable_path/Frameworks",
				);
				MARKETING_VERSION = 1.0;
				PRODUCT_BUNDLE_IDENTIFIER = com.SSLPinningImp.FAQSectionWithToggle;
				PRODUCT_NAME = "$(TARGET_NAME)";
				SWIFT_EMIT_LOC_STRINGS = YES;
				SWIFT_VERSION = 5.0;
				TARGETED_DEVICE_FAMILY = "1,2";
			};
			name = Release;
		};
/* End XCBuildConfiguration section */

/* Begin XCConfigurationList section */
		BA2938962C87375B008312D4 /* Build configuration list for PBXProject "FAQSectionWithToggle" */ = {
			isa = XCConfigurationList;
			buildConfigurations = (
				BA2938AD2C873761008312D4 /* Debug */,
				BA2938AE2C873761008312D4 /* Release */,
			);
			defaultConfigurationIsVisible = 0;
			defaultConfigurationName = Release;
		};
		BA2938AF2C873761008312D4 /* Build configuration list for PBXNativeTarget "FAQSectionWithToggle" */ = {
			isa = XCConfigurationList;
			buildConfigurations = (
				BA2938B02C873761008312D4 /* Debug */,
				BA2938B12C873761008312D4 /* Release */,
			);
			defaultConfigurationIsVisible = 0;
			defaultConfigurationName = Release;
		};
/* End XCConfigurationList section */
	};
	rootObject = BA2938932C87375B008312D4 /* Project object */;
}
